
Microsoft Visual Studio Solution File, Format Version 12.00
# Visual Studio Version 16
VisualStudioVersion = 16.0.29009.5
MinimumVisualStudioVersion = 10.0.40219.1
Project("{FAE04EC0-301F-11D3-BF4B-00C04F79EFBC}") = "rentalCarSimulation", "rentalCarSimulation.csproj", "{D904DFC3-8F8D-41FB-84FB-908249D00C10}"
EndProject
Global
	GlobalSection(SolutionConfigurationPlatforms) = preSolution
		Debug|Any CPU = Debug|Any CPU
		Release|Any CPU = Release|Any CPU
	EndGlobalSection
	GlobalSection(ProjectConfigurationPlatforms) = postSolution
		{D904DFC3-8F8D-41FB-84FB-908249D00C10}.Debug|Any CPU.ActiveCfg = Debug|Any CPU
		{D904DFC3-8F8D-41FB-84FB-908249D00C10}.Debug|Any CPU.Build.0 = Debug|Any CPU
		{D904DFC3-8F8D-41FB-84FB-908249D00C10}.Release|Any CPU.ActiveCfg = Release|Any CPU
		{D904DFC3-8F8D-41FB-84FB-908249D00C10}.Release|Any CPU.Build.0 = Release|Any CPU
	EndGlobalSection
	GlobalSection(SolutionProperties) = preSolution
		HideSolutionNode = FALSE
	EndGlobalSection
	GlobalSection(ExtensibilityGlobals) = postSolution
		SolutionGuid = {6C0FF101-DC87-40C1-8AAC-A6674CA4581E}
	EndGlobalSection
EndGlobal
